// !$*UTF8*$!
{
	archiveVersion = 1;
	classes = {
	};
	objectVersion = 77;
	objects = {

/* Begin PBXBuildFile section */
		100000000000000000000046 /* Supabase in Frameworks */ = {isa = PBXBuildFile; productRef = 100000000000000000000041 /* Supabase */; };
		200000000000000000000002 /* SideyBuildStamp.swift in Sources */ = {isa = PBXBuildFile; fileRef = 200000000000000000000003; };
/* End PBXBuildFile section */

/* Begin PBXContainerItemProxy section */
		300000000000000000000002 /* PBXContainerItemProxy */ = {
			isa = PBXContainerItemProxy;
			containerPortal = 100000000000000000000010 /* Project object */;
			proxyType = 1;
			remoteGlobalIDString = 100000000000000000000049;
			remoteInfo = SIDEYAppStore;
		};
/* End PBXContainerItemProxy section */

/* Begin PBXCopyFilesBuildPhase section */
/* End PBXCopyFilesBuildPhase section */

/* Begin PBXFileReference section */
		100000000000000000000047 /* SIDEY.app */ = {isa = PBXFileReference; explicitFileType = wrapper.application; includeInIndex = 0; path = SIDEY.app; sourceTree = BUILT_PRODUCTS_DIR; };
		200000000000000000000003 /* SideyBuildStamp.swift */ = {isa = PBXFileReference; lastKnownFileType = sourcecode.swift; path = SideyBuildStamp.swift; sourceTree = DERIVED_FILE_DIR; };
		300000000000000000000004 /* SIDEYAppStoreTests.xctest */ = {isa = PBXFileReference; explicitFileType = wrapper.cfbundle; includeInIndex = 0; path = SIDEYAppStoreTests.xctest; sourceTree = BUILT_PRODUCTS_DIR; };
/* End PBXFileReference section */



/* Begin PBXFileSystemSynchronizedRootGroup section */
		100000000000000000000005 /* SIDEY */ = {
			isa = PBXFileSystemSynchronizedRootGroup;
			path = SIDEY;
			sourceTree = "<group>";
		};
		100000000000000000000006 /* SIDEYTests */ = {
			isa = PBXFileSystemSynchronizedRootGroup;
			path = SIDEYTests;
			sourceTree = "<group>";
		};
/* End PBXFileSystemSynchronizedRootGroup section */

/* Begin PBXFrameworksBuildPhase section */
		100000000000000000000048 /* Frameworks */ = {
			isa = PBXFrameworksBuildPhase;
			buildActionMask = 2147483647;
			files = (
				100000000000000000000046 /* Supabase in Frameworks */,
			);
			runOnlyForDeploymentPostprocessing = 0;
		};
		300000000000000000000008 /* Frameworks */ = {
			isa = PBXFrameworksBuildPhase;
			buildActionMask = 2147483647;
			files = (
			);
			runOnlyForDeploymentPostprocessing = 0;
		};
/* End PBXFrameworksBuildPhase section */

/* Begin PBXGroup section */
		100000000000000000000009 = {
			isa = PBXGroup;
			children = (
				100000000000000000000005 /* SIDEY */,
				100000000000000000000006 /* SIDEYTests */,
				10000000000000000000000A /* Products */,
			);
			sourceTree = "<group>";
		};
		10000000000000000000000A /* Products */ = {
			isa = PBXGroup;
			children = (
				300000000000000000000004 /* SIDEYAppStoreTests.xctest */,
				100000000000000000000047 /* SIDEY.app */,
			);
			name = Products;
			sourceTree = "<group>";
		};
/* End PBXGroup section */

/* Begin PBXNativeTarget section */
		100000000000000000000049 /* SIDEYAppStore */ = {
			isa = PBXNativeTarget;
			buildConfigurationList = 10000000000000000000004E /* Build configuration list for PBXNativeTarget "SIDEYAppStore" */;
			buildPhases = (
				200000000000000000000004 /* Record build inputs */,
				10000000000000000000004A /* Sources */,
				100000000000000000000048 /* Frameworks */,
				10000000000000000000004B /* Resources */,
				100000000000000000000061 /* Remove App Store resource quarantine */,
				200000000000000000000005 /* Verify build inputs */,
			);
			buildRules = (
			);
			dependencies = (
			);
			fileSystemSynchronizedGroups = (
				100000000000000000000005 /* SIDEY */,
			);
			name = SIDEYAppStore;
			packageProductDependencies = (
				100000000000000000000041 /* Supabase */,
			);
			productName = SIDEYAppStore;
			productReference = 100000000000000000000047 /* SIDEY.app */;
			productType = "com.apple.product-type.application";
		};
		300000000000000000000023 /* SIDEYAppStoreTests */ = {
			fileSystemSynchronizedGroups = (100000000000000000000006 /* SIDEYTests */, );
			isa = PBXNativeTarget;
			buildConfigurationList = 300000000000000000000033 /* Build configuration list for PBXNativeTarget "SIDEYAppStoreTests" */;
			buildPhases = (
				300000000000000000000024 /* Sources */,
				300000000000000000000008 /* Frameworks */,
				300000000000000000000025 /* Resources */,
			);
			buildRules = (
			);
			dependencies = (
				300000000000000000000026 /* PBXTargetDependency */,
			);
			name = SIDEYAppStoreTests;
			productName = SIDEYAppStoreTests;
			productReference = 300000000000000000000004 /* SIDEYAppStoreTests.xctest */;
			productType = "com.apple.product-type.bundle.unit-test";
		};
/* End PBXNativeTarget section */

/* Begin PBXProject section */
		100000000000000000000010 /* Project object */ = {
			isa = PBXProject;
			attributes = {
				BuildIndependentTargetsInParallel = 1;
				LastSwiftUpdateCheck = 2650;
				LastUpgradeCheck = 2650;
				TargetAttributes = {
					300000000000000000000023 = {
						CreatedOnToolsVersion = 26.5;
						TestTargetID = 100000000000000000000049;
					};
					100000000000000000000049 = {
						CreatedOnToolsVersion = 26.5;
					};
				};
			};
			buildConfigurationList = 100000000000000000000036 /* Build configuration list for PBXProject "SIDEY" */;
			developmentRegion = ko;
			hasScannedForEncodings = 0;
			knownRegions = (
				ko,
				en,
				Base,
			);
			mainGroup = 100000000000000000000009;
			minimizedProjectReferenceProxies = 1;
			packageReferences = (
				100000000000000000000040 /* XCRemoteSwiftPackageReference "supabase-swift" */,
			);
			preferredProjectObjectVersion = 77;
			productRefGroup = 10000000000000000000000A /* Products */;
			projectDirPath = "";
			projectRoot = "";
			targets = (
				100000000000000000000049 /* SIDEYAppStore */,
				300000000000000000000023 /* SIDEYAppStoreTests */,
			);
		};
/* End PBXProject section */

/* Begin PBXResourcesBuildPhase section */
		10000000000000000000004B /* Resources */ = {
			isa = PBXResourcesBuildPhase;
			buildActionMask = 2147483647;
			files = (
			);
			runOnlyForDeploymentPostprocessing = 0;
		};
		300000000000000000000025 /* Resources */ = {
			isa = PBXResourcesBuildPhase;
			buildActionMask = 2147483647;
			files = (
			);
			runOnlyForDeploymentPostprocessing = 0;
		};
/* End PBXResourcesBuildPhase section */

/* Begin PBXShellScriptBuildPhase section */
		100000000000000000000061 /* Remove App Store resource quarantine */ = {
			isa = PBXShellScriptBuildPhase;
			alwaysOutOfDate = 1;
			buildActionMask = 2147483647;
			files = ();
			inputPaths = ("$(TARGET_BUILD_DIR)/$(UNLOCALIZED_RESOURCES_FOLDER_PATH)",);
			name = "Remove App Store resource quarantine";
			outputPaths = ();
			runOnlyForDeploymentPostprocessing = 0;
			shellPath = /bin/sh;
			shellScript = "set -eu\nSIDEY_RESOURCES=\"$TARGET_BUILD_DIR/$UNLOCALIZED_RESOURCES_FOLDER_PATH\"\n/usr/bin/xattr -dr com.apple.quarantine \"$SIDEY_RESOURCES\"\n";
		};
		200000000000000000000004 /* Record build inputs */ = {
			isa = PBXShellScriptBuildPhase;
			alwaysOutOfDate = 1;
			buildActionMask = 2147483647;
			files = ();
			inputPaths = ();
			name = "Record build inputs";
			outputPaths = ("$(DERIVED_FILE_DIR)/SideyBuildStamp.swift","$(DERIVED_FILE_DIR)/SideyBuildReceipt.json",);
			runOnlyForDeploymentPostprocessing = 0;
			shellPath = /bin/sh;
			shellScript = "set -eu\n/usr/bin/python3 \"$SRCROOT/../scripts/macos/build_provenance.py\" begin\n";
		};
		200000000000000000000005 /* Verify build inputs */ = {
			isa = PBXShellScriptBuildPhase;
			alwaysOutOfDate = 1;
			buildActionMask = 2147483647;
			files = ();
			inputPaths = ();
			name = "Verify build inputs";
			outputPaths = ("$(TARGET_BUILD_DIR)/$(UNLOCALIZED_RESOURCES_FOLDER_PATH)/SideyBuildReceipt.json",);
			runOnlyForDeploymentPostprocessing = 0;
			shellPath = /bin/sh;
			shellScript = "set -eu\n/usr/bin/python3 \"$SRCROOT/../scripts/macos/build_provenance.py\" finish\n";
		};
/* End PBXShellScriptBuildPhase section */

/* Begin PBXSourcesBuildPhase section */
		10000000000000000000004A /* Sources */ = {
			isa = PBXSourcesBuildPhase;
			buildActionMask = 2147483647;
			files = (
				200000000000000000000002 /* SideyBuildStamp.swift in Sources */,
			);
			runOnlyForDeploymentPostprocessing = 0;
		};
		300000000000000000000024 /* Sources */ = {
			isa = PBXSourcesBuildPhase;
			buildActionMask = 2147483647;
			files = (
			);
			runOnlyForDeploymentPostprocessing = 0;
		};
/* End PBXSourcesBuildPhase section */

/* Begin PBXTargetDependency section */
		300000000000000000000026 /* PBXTargetDependency */ = {
			isa = PBXTargetDependency;
			target = 100000000000000000000049 /* SIDEY */;
			targetProxy = 300000000000000000000002 /* PBXContainerItemProxy */;
		};
/* End PBXTargetDependency section */

/* Begin XCBuildConfiguration section */
		100000000000000000000037 /* Debug */ = {
			isa = XCBuildConfiguration;
			buildSettings = {
				CLANG_ENABLE_MODULES = YES;
				CLANG_ENABLE_OBJC_ARC = YES;
				ENABLE_TESTABILITY = YES;
				MACOSX_DEPLOYMENT_TARGET = 26.0;
				ONLY_ACTIVE_ARCH = YES;
				SDKROOT = macosx;
				SWIFT_ACTIVE_COMPILATION_CONDITIONS = "DEBUG $(inherited)";
				SWIFT_OPTIMIZATION_LEVEL = "-Onone";
			};
			name = Debug;
		};
		100000000000000000000038 /* Release */ = {
			isa = XCBuildConfiguration;
			buildSettings = {
				CLANG_ENABLE_MODULES = YES;
				CLANG_ENABLE_OBJC_ARC = YES;
				MACOSX_DEPLOYMENT_TARGET = 26.0;
				SDKROOT = macosx;
				SWIFT_COMPILATION_MODE = wholemodule;
			};
			name = Release;
		};
		10000000000000000000004C /* Debug */ = {
			isa = XCBuildConfiguration;
			buildSettings = {
				ARCHS = arm64;
				ASSETCATALOG_COMPILER_APPICON_NAME = AppIcon;
				CODE_SIGN_ENTITLEMENTS = Config/SIDEYAppStore.entitlements;
				"CODE_SIGN_IDENTITY[sdk=macosx*]" = "Apple Development";
				CODE_SIGN_STYLE = Automatic;
				COMBINE_HIDPI_IMAGES = YES;
				CURRENT_PROJECT_VERSION = 31;
				DEVELOPMENT_TEAM = 5T933W86GZ;
				ENABLE_APP_SANDBOX = YES;
				ENABLE_HARDENED_RUNTIME = YES;
				ENABLE_TESTABILITY = YES;
				GENERATE_INFOPLIST_FILE = NO;
				INFOPLIST_FILE = "Config/SIDEYAppStore-Info.plist";
				LD_RUNPATH_SEARCH_PATHS = (
					"$(inherited)",
					"@executable_path/../Frameworks",
				);
				MACOSX_DEPLOYMENT_TARGET = 26.0;
				MARKETING_VERSION = 1.2.1;
				PRODUCT_BUNDLE_IDENTIFIER = app.sidey.desktop.appstore;
				PRODUCT_NAME = SIDEY;
				PRODUCT_MODULE_NAME = SIDEYAppStore;
				SIDEY_APP_STORE_VERIFIER_URL = "https://sidey-app-store-verifier-sandbox-802687666602.asia-northeast3.run.app";
				SUPPORTED_PLATFORMS = macosx;
				SWIFT_ACTIVE_COMPILATION_CONDITIONS = "APP_STORE DEBUG $(inherited)";
				SWIFT_OPTIMIZATION_LEVEL = "-Onone";
				SWIFT_STRICT_CONCURRENCY = complete;
				SWIFT_VERSION = 6.0;
			};
			name = Debug;
		};
		10000000000000000000004D /* Release */ = {
			isa = XCBuildConfiguration;
			buildSettings = {
				ARCHS = arm64;
				ASSETCATALOG_COMPILER_APPICON_NAME = AppIcon;
				CODE_SIGN_ENTITLEMENTS = Config/SIDEYAppStore.entitlements;
				"CODE_SIGN_IDENTITY[sdk=macosx*]" = "Apple Development";
				CODE_SIGN_STYLE = Automatic;
				COMBINE_HIDPI_IMAGES = YES;
				CURRENT_PROJECT_VERSION = 31;
				DEBUG_INFORMATION_FORMAT = "dwarf-with-dsym";
				DEVELOPMENT_TEAM = 5T933W86GZ;
				ENABLE_APP_SANDBOX = YES;
				ENABLE_HARDENED_RUNTIME = YES;
				GENERATE_INFOPLIST_FILE = NO;
				INFOPLIST_FILE = "Config/SIDEYAppStore-Info.plist";
				LD_RUNPATH_SEARCH_PATHS = (
					"$(inherited)",
					"@executable_path/../Frameworks",
				);
				MACOSX_DEPLOYMENT_TARGET = 26.0;
				MARKETING_VERSION = 1.2.1;
				PRODUCT_BUNDLE_IDENTIFIER = app.sidey.desktop.appstore;
				PRODUCT_NAME = SIDEY;
				PRODUCT_MODULE_NAME = SIDEYAppStore;
				SIDEY_APP_STORE_VERIFIER_URL = "https://sidey-app-store-verifier-production-eu3layugaq-du.a.run.app";
				SUPPORTED_PLATFORMS = macosx;
				SWIFT_ACTIVE_COMPILATION_CONDITIONS = "APP_STORE $(inherited)";
				SWIFT_COMPILATION_MODE = wholemodule;
				SWIFT_STRICT_CONCURRENCY = complete;
				SWIFT_VERSION = 6.0;
			};
			name = Release;
		};
		300000000000000000000034 /* Debug */ = {
			isa = XCBuildConfiguration;
			buildSettings = {
				ARCHS = arm64;
				BUNDLE_LOADER = "$(TEST_HOST)";
				GENERATE_INFOPLIST_FILE = NO;
				INFOPLIST_FILE = "Config/SIDEYTests-Info.plist";
				MACOSX_DEPLOYMENT_TARGET = 26.0;
				PRODUCT_BUNDLE_IDENTIFIER = app.sidey.desktop.appstore.tests;
				PRODUCT_NAME = "$(TARGET_NAME)";
				SIDEY_RUN_BACKEND_INTEGRATION = 0;
				SIDEY_SUPABASE_PUBLISHABLE_KEY = "";
				SIDEY_SUPABASE_URL = "";
				SUPPORTED_PLATFORMS = macosx;
				SWIFT_OPTIMIZATION_LEVEL = "-Onone";
				SWIFT_STRICT_CONCURRENCY = complete;
				SWIFT_VERSION = 6.0;
				SWIFT_ACTIVE_COMPILATION_CONDITIONS = "APP_STORE $(inherited)";
				CODE_SIGN_IDENTITY = "-";
				TEST_HOST = "$(BUILT_PRODUCTS_DIR)/SIDEY.app/Contents/MacOS/SIDEY";
			};
			name = Debug;
		};
		300000000000000000000035 /* Release */ = {
			isa = XCBuildConfiguration;
			buildSettings = {
				ARCHS = arm64;
				BUNDLE_LOADER = "$(TEST_HOST)";
				GENERATE_INFOPLIST_FILE = NO;
				INFOPLIST_FILE = "Config/SIDEYTests-Info.plist";
				MACOSX_DEPLOYMENT_TARGET = 26.0;
				PRODUCT_BUNDLE_IDENTIFIER = app.sidey.desktop.appstore.tests;
				PRODUCT_NAME = "$(TARGET_NAME)";
				SIDEY_RUN_BACKEND_INTEGRATION = 0;
				SIDEY_SUPABASE_PUBLISHABLE_KEY = "";
				SIDEY_SUPABASE_URL = "";
				SUPPORTED_PLATFORMS = macosx;
				SWIFT_STRICT_CONCURRENCY = complete;
				SWIFT_VERSION = 6.0;
				SWIFT_ACTIVE_COMPILATION_CONDITIONS = "APP_STORE $(inherited)";
				CODE_SIGN_IDENTITY = "-";
				TEST_HOST = "$(BUILT_PRODUCTS_DIR)/SIDEY.app/Contents/MacOS/SIDEY";
			};
			name = Release;
		};
/* End XCBuildConfiguration section */

/* Begin XCConfigurationList section */
		100000000000000000000036 /* Build configuration list for PBXProject "SIDEY" */ = {
			isa = XCConfigurationList;
			buildConfigurations = (
				100000000000000000000037 /* Debug */,
				100000000000000000000038 /* Release */,
			);
			defaultConfigurationIsVisible = 0;
			defaultConfigurationName = Release;
		};
		10000000000000000000004E /* Build configuration list for PBXNativeTarget "SIDEYAppStore" */ = {
			isa = XCConfigurationList;
			buildConfigurations = (
				10000000000000000000004C /* Debug */,
				10000000000000000000004D /* Release */,
			);
			defaultConfigurationIsVisible = 0;
			defaultConfigurationName = Release;
		};
		300000000000000000000033 /* Build configuration list for PBXNativeTarget "SIDEYAppStoreTests" */ = {
			isa = XCConfigurationList;
			buildConfigurations = (
				300000000000000000000034 /* Debug */,
				300000000000000000000035 /* Release */,
			);
			defaultConfigurationIsVisible = 0;
			defaultConfigurationName = Release;
		};
/* End XCConfigurationList section */

/* Begin XCRemoteSwiftPackageReference section */
		100000000000000000000040 /* XCRemoteSwiftPackageReference "supabase-swift" */ = {
			isa = XCRemoteSwiftPackageReference;
			repositoryURL = "https://github.com/supabase/supabase-swift.git";
			requirement = {
				kind = exactVersion;
				version = 2.55.1;
			};
		};
/* End XCRemoteSwiftPackageReference section */

/* Begin XCSwiftPackageProductDependency section */
		100000000000000000000041 /* Supabase */ = {
			isa = XCSwiftPackageProductDependency;
			package = 100000000000000000000040 /* XCRemoteSwiftPackageReference "supabase-swift" */;
			productName = Supabase;
		};
/* End XCSwiftPackageProductDependency section */
	};
	rootObject = 100000000000000000000010 /* Project object */;
}
